
Microsoft Visual Studio Solution File, Format Version 12.00
# Visual Studio Version 16
VisualStudioVersion = 16.0.30907.101
MinimumVisualStudioVersion = 10.0.40219.1
Project("{9A19103F-16F7-4668-BE54-9A1E7A4F7556}") = "Targil0", "Targil0\Targil0.csproj", "{1E173A88-A37A-46A1-A3C0-BC1DAF250D25}"
EndProject
Project("{2150E333-8FDC-42A3-9474-1A3956D46DE8}") = "Solution Items", "Solution Items", "{CD4EA2D7-4F37-44A8-BDB1-D152934E132D}"
	ProjectSection(SolutionItems) = preProject
		README.md = README.md
	EndProjectSection
EndProject
Project("{9A19103F-16F7-4668-BE54-9A1E7A4F7556}") = "ConsoleUI", "ConsoleUI\ConsoleUI.csproj", "{17F6AD7B-B696-440C-A6D9-1659B6F98C29}"
EndProject
Project("{FAE04EC0-301F-11D3-BF4B-00C04F79EFBC}") = "DAL", "DAL\DAL.csproj", "{9EBD8B8C-F8F5-4CF5-9249-AC020504E3AE}"
EndProject
Global
	GlobalSection(SolutionConfigurationPlatforms) = preSolution
		Debug|Any CPU = Debug|Any CPU
		Release|Any CPU = Release|Any CPU
	EndGlobalSection
	GlobalSection(ProjectConfigurationPlatforms) = postSolution
		{1E173A88-A37A-46A1-A3C0-BC1DAF250D25}.Debug|Any CPU.ActiveCfg = Debug|Any CPU
		{1E173A88-A37A-46A1-A3C0-BC1DAF250D25}.Debug|Any CPU.Build.0 = Debug|Any CPU
		{1E173A88-A37A-46A1-A3C0-BC1DAF250D25}.Release|Any CPU.ActiveCfg = Release|Any CPU
		{1E173A88-A37A-46A1-A3C0-BC1DAF250D25}.Release|Any CPU.Build.0 = Release|Any CPU
	EndGlobalSection
	GlobalSection(SolutionProperties) = preSolution
		HideSolutionNode = FALSE
	EndGlobalSection
	GlobalSection(ExtensibilityGlobals) = postSolution
		SolutionGuid = {47754009-A316-42B7-93EF-37DEFF929AEB}
	EndGlobalSection
EndGlobal
